
Microsoft Visual Studio Solution File, Format Version 12.00
# Visual Studio Version 16
VisualStudioVersion = 16.0.29009.5
MinimumVisualStudioVersion = 10.0.40219.1
Project("{9A19103F-16F7-4668-BE54-9A1E7A4F7556}") = "DebuggingCore2.1", "DebuggingCore2.1\DebuggingCore2.1.csproj", "{EFD232EC-5B9E-44FE-BAF6-52D3C198653B}"
EndProject
Project("{9A19103F-16F7-4668-BE54-9A1E7A4F7556}") = "BasicInterestCalculator", "BasicInterestCalculator\BasicInterestCalculator.csproj", "{500DEDC6-8B0E-4502-BD69-AED5E4E5CBA6}"
EndProject
Project("{9A19103F-16F7-4668-BE54-9A1E7A4F7556}") = "InterestInterface", "InterestInterface\InterestInterface.csproj", "{2FA03E20-BC6F-42AA-AC3C-F8A2C8826256}"
EndProject
Project("{9A19103F-16F7-4668-BE54-9A1E7A4F7556}") = "Domain", "Domain\Domain.csproj", "{C0BD177F-9733-498D-9DA6-209E8E0010D0}"
EndProject
Project("{9A19103F-16F7-4668-BE54-9A1E7A4F7556}") = "HighInterestCalculator", "HighInterestCalculator\HighInterestCalculator.csproj", "{A0F5D721-F74C-49BA-9EA9-F95F57D732E0}"
EndProject
Global
	GlobalSection(SolutionConfigurationPlatforms) = preSolution
		Debug|Any CPU = Debug|Any CPU
		Release|Any CPU = Release|Any CPU
	EndGlobalSection
	GlobalSection(ProjectConfigurationPlatforms) = postSolution
		{EFD232EC-5B9E-44FE-BAF6-52D3C198653B}.Debug|Any CPU.ActiveCfg = Debug|Any CPU
		{EFD232EC-5B9E-44FE-BAF6-52D3C198653B}.Debug|Any CPU.Build.0 = Debug|Any CPU
		{EFD232EC-5B9E-44FE-BAF6-52D3C198653B}.Release|Any CPU.ActiveCfg = Release|Any CPU
		{EFD232EC-5B9E-44FE-BAF6-52D3C198653B}.Release|Any CPU.Build.0 = Release|Any CPU
		{500DEDC6-8B0E-4502-BD69-AED5E4E5CBA6}.Debug|Any CPU.ActiveCfg = Debug|Any CPU
		{500DEDC6-8B0E-4502-BD69-AED5E4E5CBA6}.Debug|Any CPU.Build.0 = Debug|Any CPU
		{500DEDC6-8B0E-4502-BD69-AED5E4E5CBA6}.Release|Any CPU.ActiveCfg = Release|Any CPU
		{500DEDC6-8B0E-4502-BD69-AED5E4E5CBA6}.Release|Any CPU.Build.0 = Release|Any CPU
		{2FA03E20-BC6F-42AA-AC3C-F8A2C8826256}.Debug|Any CPU.ActiveCfg = Debug|Any CPU
		{2FA03E20-BC6F-42AA-AC3C-F8A2C8826256}.Debug|Any CPU.Build.0 = Debug|Any CPU
		{2FA03E20-BC6F-42AA-AC3C-F8A2C8826256}.Release|Any CPU.ActiveCfg = Release|Any CPU
		{2FA03E20-BC6F-42AA-AC3C-F8A2C8826256}.Release|Any CPU.Build.0 = Release|Any CPU
		{C0BD177F-9733-498D-9DA6-209E8E0010D0}.Debug|Any CPU.ActiveCfg = Debug|Any CPU
		{C0BD177F-9733-498D-9DA6-209E8E0010D0}.Debug|Any CPU.Build.0 = Debug|Any CPU
		{C0BD177F-9733-498D-9DA6-209E8E0010D0}.Release|Any CPU.ActiveCfg = Release|Any CPU
		{C0BD177F-9733-498D-9DA6-209E8E0010D0}.Release|Any CPU.Build.0 = Release|Any CPU
		{A0F5D721-F74C-49BA-9EA9-F95F57D732E0}.Debug|Any CPU.ActiveCfg = Debug|Any CPU
		{A0F5D721-F74C-49BA-9EA9-F95F57D732E0}.Debug|Any CPU.Build.0 = Debug|Any CPU
		{A0F5D721-F74C-49BA-9EA9-F95F57D732E0}.Release|Any CPU.ActiveCfg = Release|Any CPU
		{A0F5D721-F74C-49BA-9EA9-F95F57D732E0}.Release|Any CPU.Build.0 = Release|Any CPU
	EndGlobalSection
	GlobalSection(SolutionProperties) = preSolution
		HideSolutionNode = FALSE
	EndGlobalSection
	GlobalSection(ExtensibilityGlobals) = postSolution
		SolutionGuid = {AAB65093-2A16-41CA-B746-C77BD69DFDE5}
	EndGlobalSection
EndGlobal
